
Microsoft Visual Studio Solution File, Format Version 12.00
# Visual Studio Version 18
VisualStudioVersion = 18.0.11205.157
MinimumVisualStudioVersion = 10.0.40219.1
Project("{FAE04EC0-301F-11D3-BF4B-00C04F79EFBC}") = "FAST.FormDesigner", "FAST.FormDesigner\FAST.FormDesigner.csproj", "{C4AED5DA-6C70-E90A-CA75-3029784CBF4C}"
EndProject
Project("{FAE04EC0-301F-11D3-BF4B-00C04F79EFBC}") = "FAST.FormDesigner.Runtime", "FAST.FormDesigner.Runtime\FAST.FormDesigner.Runtime.csproj", "{2A82FC86-5D70-903F-7067-D2F7985017FC}"
EndProject
Global
	GlobalSection(SolutionConfigurationPlatforms) = preSolution
		Debug|Any CPU = Debug|Any CPU
		Release|Any CPU = Release|Any CPU
	EndGlobalSection
	GlobalSection(ProjectConfigurationPlatforms) = postSolution
		{C4AED5DA-6C70-E90A-CA75-3029784CBF4C}.Debug|Any CPU.ActiveCfg = Debug|Any CPU
		{C4AED5DA-6C70-E90A-CA75-3029784CBF4C}.Debug|Any CPU.Build.0 = Debug|Any CPU
		{C4AED5DA-6C70-E90A-CA75-3029784CBF4C}.Release|Any CPU.ActiveCfg = Release|Any CPU
		{C4AED5DA-6C70-E90A-CA75-3029784CBF4C}.Release|Any CPU.Build.0 = Release|Any CPU
		{2A82FC86-5D70-903F-7067-D2F7985017FC}.Debug|Any CPU.ActiveCfg = Debug|Any CPU
		{2A82FC86-5D70-903F-7067-D2F7985017FC}.Debug|Any CPU.Build.0 = Debug|Any CPU
		{2A82FC86-5D70-903F-7067-D2F7985017FC}.Release|Any CPU.ActiveCfg = Release|Any CPU
		{2A82FC86-5D70-903F-7067-D2F7985017FC}.Release|Any CPU.Build.0 = Release|Any CPU
	EndGlobalSection
	GlobalSection(SolutionProperties) = preSolution
		HideSolutionNode = FALSE
	EndGlobalSection
	GlobalSection(ExtensibilityGlobals) = postSolution
		SolutionGuid = {6A2FB559-9452-4D0F-B167-2D5DC80534EC}
	EndGlobalSection
EndGlobal
